
Microsoft Visual Studio Solution File, Format Version 12.00
# Visual Studio Version 16
VisualStudioVersion = 16.0.29306.81
MinimumVisualStudioVersion = 10.0.40219.1
Project("{FAE04EC0-301F-11D3-BF4B-00C04F79EFBC}") = "CoffeShopUsingArray", "CoffeShopUsingArray\CoffeShopUsingArray.csproj", "{97F8C4C4-12B3-4228-B974-41201BB8C76A}"
EndProject
Global
	GlobalSection(SolutionConfigurationPlatforms) = preSolution
		Debug|Any CPU = Debug|Any CPU
		Release|Any CPU = Release|Any CPU
	EndGlobalSection
	GlobalSection(ProjectConfigurationPlatforms) = postSolution
		{97F8C4C4-12B3-4228-B974-41201BB8C76A}.Debug|Any CPU.ActiveCfg = Debug|Any CPU
		{97F8C4C4-12B3-4228-B974-41201BB8C76A}.Debug|Any CPU.Build.0 = Debug|Any CPU
		{97F8C4C4-12B3-4228-B974-41201BB8C76A}.Release|Any CPU.ActiveCfg = Release|Any CPU
		{97F8C4C4-12B3-4228-B974-41201BB8C76A}.Release|Any CPU.Build.0 = Release|Any CPU
	EndGlobalSection
	GlobalSection(SolutionProperties) = preSolution
		HideSolutionNode = FALSE
	EndGlobalSection
	GlobalSection(ExtensibilityGlobals) = postSolution
		SolutionGuid = {0BA624B7-4171-4D34-8D1A-8E0DB1356DEC}
	EndGlobalSection
EndGlobal
